// !$*UTF8*$!
{
	archiveVersion = 1;
	classes = {
	};
	objectVersion = 50;
	objects = {

/* Begin PBXBuildFile section */
		D00D83282348F530009BE74D /* AppDelegate.swift in Sources */ = {isa = PBXBuildFile; fileRef = D00D83272348F530009BE74D /* AppDelegate.swift */; };
		D00D832A2348F530009BE74D /* SceneDelegate.swift in Sources */ = {isa = PBXBuildFile; fileRef = D00D83292348F530009BE74D /* SceneDelegate.swift */; };
		D00D832C2348F530009BE74D /* ViewController.swift in Sources */ = {isa = PBXBuildFile; fileRef = D00D832B2348F530009BE74D /* ViewController.swift */; };
		D00D832F2348F530009BE74D /* Main.storyboard in Resources */ = {isa = PBXBuildFile; fileRef = D00D832D2348F530009BE74D /* Main.storyboard */; };
		D00D83322348F530009BE74D /* Apomden.xcdatamodeld in Sources */ = {isa = PBXBuildFile; fileRef = D00D83302348F530009BE74D /* Apomden.xcdatamodeld */; };
		D00D83342348F532009BE74D /* Assets.xcassets in Resources */ = {isa = PBXBuildFile; fileRef = D00D83332348F532009BE74D /* Assets.xcassets */; };
		D00D83372348F532009BE74D /* LaunchScreen.storyboard in Resources */ = {isa = PBXBuildFile; fileRef = D00D83352348F532009BE74D /* LaunchScreen.storyboard */; };
		D00D83422348F532009BE74D /* ApomdenTests.swift in Sources */ = {isa = PBXBuildFile; fileRef = D00D83412348F532009BE74D /* ApomdenTests.swift */; };
		D00D834D2348F532009BE74D /* ApomdenUITests.swift in Sources */ = {isa = PBXBuildFile; fileRef = D00D834C2348F532009BE74D /* ApomdenUITests.swift */; };
/* End PBXBuildFile section */

/* Begin PBXContainerItemProxy section */
		D00D833E2348F532009BE74D /* PBXContainerItemProxy */ = {
			isa = PBXContainerItemProxy;
			containerPortal = D00D831C2348F530009BE74D /* Project object */;
			proxyType = 1;
			remoteGlobalIDString = D00D83232348F530009BE74D;
			remoteInfo = Apomden;
		};
		D00D83492348F532009BE74D /* PBXContainerItemProxy */ = {
			isa = PBXContainerItemProxy;
			containerPortal = D00D831C2348F530009BE74D /* Project object */;
			proxyType = 1;
			remoteGlobalIDString = D00D83232348F530009BE74D;
			remoteInfo = Apomden;
		};
/* End PBXContainerItemProxy section */

/* Begin PBXFileReference section */
		D00D83242348F530009BE74D /* Apomden.app */ = {isa = PBXFileReference; explicitFileType = wrapper.application; includeInIndex = 0; path = Apomden.app; sourceTree = BUILT_PRODUCTS_DIR; };
		D00D83272348F530009BE74D /* AppDelegate.swift */ = {isa = PBXFileReference; lastKnownFileType = sourcecode.swift; path = AppDelegate.swift; sourceTree = "<group>"; };
		D00D83292348F530009BE74D /* SceneDelegate.swift */ = {isa = PBXFileReference; lastKnownFileType = sourcecode.swift; path = SceneDelegate.swift; sourceTree = "<group>"; };
		D00D832B2348F530009BE74D /* ViewController.swift */ = {isa = PBXFileReference; lastKnownFileType = sourcecode.swift; path = ViewController.swift; sourceTree = "<group>"; };
		D00D832E2348F530009BE74D /* Base */ = {isa = PBXFileReference; lastKnownFileType = file.storyboard; name = Base; path = Base.lproj/Main.storyboard; sourceTree = "<group>"; };
		D00D83312348F530009BE74D /* Apomden.xcdatamodel */ = {isa = PBXFileReference; lastKnownFileType = wrapper.xcdatamodel; path = Apomden.xcdatamodel; sourceTree = "<group>"; };
		D00D83332348F532009BE74D /* Assets.xcassets */ = {isa = PBXFileReference; lastKnownFileType = folder.assetcatalog; path = Assets.xcassets; sourceTree = "<group>"; };
		D00D83362348F532009BE74D /* Base */ = {isa = PBXFileReference; lastKnownFileType = file.storyboard; name = Base; path = Base.lproj/LaunchScreen.storyboard; sourceTree = "<group>"; };
		D00D83382348F532009BE74D /* Info.plist */ = {isa = PBXFileReference; lastKnownFileType = text.plist.xml; path = Info.plist; sourceTree = "<group>"; };
		D00D833D2348F532009BE74D /* ApomdenTests.xctest */ = {isa = PBXFileReference; explicitFileType = wrapper.cfbundle; includeInIndex = 0; path = ApomdenTests.xctest; sourceTree = BUILT_PRODUCTS_DIR; };
		D00D83412348F532009BE74D /* ApomdenTests.swift */ = {isa = PBXFileReference; lastKnownFileType = sourcecode.swift; path = ApomdenTests.swift; sourceTree = "<group>"; };
		D00D83432348F532009BE74D /* Info.plist */ = {isa = PBXFileReference; lastKnownFileType = text.plist.xml; path = Info.plist; sourceTree = "<group>"; };
		D00D83482348F532009BE74D /* ApomdenUITests.xctest */ = {isa = PBXFileReference; explicitFileType = wrapper.cfbundle; includeInIndex = 0; path = ApomdenUITests.xctest; sourceTree = BUILT_PRODUCTS_DIR; };
		D00D834C2348F532009BE74D /* ApomdenUITests.swift */ = {isa = PBXFileReference; lastKnownFileType = sourcecode.swift; path = ApomdenUITests.swift; sourceTree = "<group>"; };
		D00D834E2348F532009BE74D /* Info.plist */ = {isa = PBXFileReference; lastKnownFileType = text.plist.xml; path = Info.plist; sourceTree = "<group>"; };
/* End PBXFileReference section */

/* Begin PBXFrameworksBuildPhase section */
		D00D83212348F530009BE74D /* Frameworks */ = {
			isa = PBXFrameworksBuildPhase;
			buildActionMask = 2147483647;
			files = (
			);
			runOnlyForDeploymentPostprocessing = 0;
		};
		D00D833A2348F532009BE74D /* Frameworks */ = {
			isa = PBXFrameworksBuildPhase;
			buildActionMask = 2147483647;
			files = (
			);
			runOnlyForDeploymentPostprocessing = 0;
		};
		D00D83452348F532009BE74D /* Frameworks */ = {
			isa = PBXFrameworksBuildPhase;
			buildActionMask = 2147483647;
			files = (
			);
			runOnlyForDeploymentPostprocessing = 0;
		};
/* End PBXFrameworksBuildPhase section */

/* Begin PBXGroup section */
		D00D831B2348F530009BE74D = {
			isa = PBXGroup;
			children = (
				D00D83262348F530009BE74D /* Apomden */,
				D00D83402348F532009BE74D /* ApomdenTests */,
				D00D834B2348F532009BE74D /* ApomdenUITests */,
				D00D83252348F530009BE74D /* Products */,
			);
			sourceTree = "<group>";
		};
		D00D83252348F530009BE74D /* Products */ = {
			isa = PBXGroup;
			children = (
				D00D83242348F530009BE74D /* Apomden.app */,
				D00D833D2348F532009BE74D /* ApomdenTests.xctest */,
				D00D83482348F532009BE74D /* ApomdenUITests.xctest */,
			);
			name = Products;
			sourceTree = "<group>";
		};
		D00D83262348F530009BE74D /* Apomden */ = {
			isa = PBXGroup;
			children = (
				D00D83272348F530009BE74D /* AppDelegate.swift */,
				D00D83292348F530009BE74D /* SceneDelegate.swift */,
				D00D832B2348F530009BE74D /* ViewController.swift */,
				D00D832D2348F530009BE74D /* Main.storyboard */,
				D00D83332348F532009BE74D /* Assets.xcassets */,
				D00D83352348F532009BE74D /* LaunchScreen.storyboard */,
				D00D83382348F532009BE74D /* Info.plist */,
				D00D83302348F530009BE74D /* Apomden.xcdatamodeld */,
			);
			path = Apomden;
			sourceTree = "<group>";
		};
		D00D83402348F532009BE74D /* ApomdenTests */ = {
			isa = PBXGroup;
			children = (
				D00D83412348F532009BE74D /* ApomdenTests.swift */,
				D00D83432348F532009BE74D /* Info.plist */,
			);
			path = ApomdenTests;
			sourceTree = "<group>";
		};
		D00D834B2348F532009BE74D /* ApomdenUITests */ = {
			isa = PBXGroup;
			children = (
				D00D834C2348F532009BE74D /* ApomdenUITests.swift */,
				D00D834E2348F532009BE74D /* Info.plist */,
			);
			path = ApomdenUITests;
			sourceTree = "<group>";
		};
/* End PBXGroup section */

/* Begin PBXNativeTarget section */
		D00D83232348F530009BE74D /* Apomden */ = {
			isa = PBXNativeTarget;
			buildConfigurationList = D00D83512348F532009BE74D /* Build configuration list for PBXNativeTarget "Apomden" */;
			buildPhases = (
				D00D83202348F530009BE74D /* Sources */,
				D00D83212348F530009BE74D /* Frameworks */,
				D00D83222348F530009BE74D /* Resources */,
			);
			buildRules = (
			);
			dependencies = (
			);
			name = Apomden;
			productName = Apomden;
			productReference = D00D83242348F530009BE74D /* Apomden.app */;
			productType = "com.apple.product-type.application";
		};
		D00D833C2348F532009BE74D /* ApomdenTests */ = {
			isa = PBXNativeTarget;
			buildConfigurationList = D00D83542348F532009BE74D /* Build configuration list for PBXNativeTarget "ApomdenTests" */;
			buildPhases = (
				D00D83392348F532009BE74D /* Sources */,
				D00D833A2348F532009BE74D /* Frameworks */,
				D00D833B2348F532009BE74D /* Resources */,
			);
			buildRules = (
			);
			dependencies = (
				D00D833F2348F532009BE74D /* PBXTargetDependency */,
			);
			name = ApomdenTests;
			productName = ApomdenTests;
			productReference = D00D833D2348F532009BE74D /* ApomdenTests.xctest */;
			productType = "com.apple.product-type.bundle.unit-test";
		};
		D00D83472348F532009BE74D /* ApomdenUITests */ = {
			isa = PBXNativeTarget;
			buildConfigurationList = D00D83572348F532009BE74D /* Build configuration list for PBXNativeTarget "ApomdenUITests" */;
			buildPhases = (
				D00D83442348F532009BE74D /* Sources */,
				D00D83452348F532009BE74D /* Frameworks */,
				D00D83462348F532009BE74D /* Resources */,
			);
			buildRules = (
			);
			dependencies = (
				D00D834A2348F532009BE74D /* PBXTargetDependency */,
			);
			name = ApomdenUITests;
			productName = ApomdenUITests;
			productReference = D00D83482348F532009BE74D /* ApomdenUITests.xctest */;
			productType = "com.apple.product-type.bundle.ui-testing";
		};
/* End PBXNativeTarget section */

/* Begin PBXProject section */
		D00D831C2348F530009BE74D /* Project object */ = {
			isa = PBXProject;
			attributes = {
				LastSwiftUpdateCheck = 1100;
				LastUpgradeCheck = 1100;
				ORGANIZATIONNAME = Apomden;
				TargetAttributes = {
					D00D83232348F530009BE74D = {
						CreatedOnToolsVersion = 11.0;
					};
					D00D833C2348F532009BE74D = {
						CreatedOnToolsVersion = 11.0;
						TestTargetID = D00D83232348F530009BE74D;
					};
					D00D83472348F532009BE74D = {
						CreatedOnToolsVersion = 11.0;
						TestTargetID = D00D83232348F530009BE74D;
					};
				};
			};
			buildConfigurationList = D00D831F2348F530009BE74D /* Build configuration list for PBXProject "Apomden" */;
			compatibilityVersion = "Xcode 9.3";
			developmentRegion = en;
			hasScannedForEncodings = 0;
			knownRegions = (
				en,
				Base,
			);
			mainGroup = D00D831B2348F530009BE74D;
			productRefGroup = D00D83252348F530009BE74D /* Products */;
			projectDirPath = "";
			projectRoot = "";
			targets = (
				D00D83232348F530009BE74D /* Apomden */,
				D00D833C2348F532009BE74D /* ApomdenTests */,
				D00D83472348F532009BE74D /* ApomdenUITests */,
			);
		};
/* End PBXProject section */

/* Begin PBXResourcesBuildPhase section */
		D00D83222348F530009BE74D /* Resources */ = {
			isa = PBXResourcesBuildPhase;
			buildActionMask = 2147483647;
			files = (
				D00D83372348F532009BE74D /* LaunchScreen.storyboard in Resources */,
				D00D83342348F532009BE74D /* Assets.xcassets in Resources */,
				D00D832F2348F530009BE74D /* Main.storyboard in Resources */,
			);
			runOnlyForDeploymentPostprocessing = 0;
		};
		D00D833B2348F532009BE74D /* Resources */ = {
			isa = PBXResourcesBuildPhase;
			buildActionMask = 2147483647;
			files = (
			);
			runOnlyForDeploymentPostprocessing = 0;
		};
		D00D83462348F532009BE74D /* Resources */ = {
			isa = PBXResourcesBuildPhase;
			buildActionMask = 2147483647;
			files = (
			);
			runOnlyForDeploymentPostprocessing = 0;
		};
/* End PBXResourcesBuildPhase section */

/* Begin PBXSourcesBuildPhase section */
		D00D83202348F530009BE74D /* Sources */ = {
			isa = PBXSourcesBuildPhase;
			buildActionMask = 2147483647;
			files = (
				D00D83322348F530009BE74D /* Apomden.xcdatamodeld in Sources */,
				D00D832C2348F530009BE74D /* ViewController.swift in Sources */,
				D00D83282348F530009BE74D /* AppDelegate.swift in Sources */,
				D00D832A2348F530009BE74D /* SceneDelegate.swift in Sources */,
			);
			runOnlyForDeploymentPostprocessing = 0;
		};
		D00D83392348F532009BE74D /* Sources */ = {
			isa = PBXSourcesBuildPhase;
			buildActionMask = 2147483647;
			files = (
				D00D83422348F532009BE74D /* ApomdenTests.swift in Sources */,
			);
			runOnlyForDeploymentPostprocessing = 0;
		};
		D00D83442348F532009BE74D /* Sources */ = {
			isa = PBXSourcesBuildPhase;
			buildActionMask = 2147483647;
			files = (
				D00D834D2348F532009BE74D /* ApomdenUITests.swift in Sources */,
			);
			runOnlyForDeploymentPostprocessing = 0;
		};
/* End PBXSourcesBuildPhase section */

/* Begin PBXTargetDependency section */
		D00D833F2348F532009BE74D /* PBXTargetDependency */ = {
			isa = PBXTargetDependency;
			target = D00D83232348F530009BE74D /* Apomden */;
			targetProxy = D00D833E2348F532009BE74D /* PBXContainerItemProxy */;
		};
		D00D834A2348F532009BE74D /* PBXTargetDependency */ = {
			isa = PBXTargetDependency;
			target = D00D83232348F530009BE74D /* Apomden */;
			targetProxy = D00D83492348F532009BE74D /* PBXContainerItemProxy */;
		};
/* End PBXTargetDependency section */

/* Begin PBXVariantGroup section */
		D00D832D2348F530009BE74D /* Main.storyboard */ = {
			isa = PBXVariantGroup;
			children = (
				D00D832E2348F530009BE74D /* Base */,
			);
			name = Main.storyboard;
			sourceTree = "<group>";
		};
		D00D83352348F532009BE74D /* LaunchScreen.storyboard */ = {
			isa = PBXVariantGroup;
			children = (
				D00D83362348F532009BE74D /* Base */,
			);
			name = LaunchScreen.storyboard;
			sourceTree = "<group>";
		};
/* End PBXVariantGroup section */

/* Begin XCBuildConfiguration section */
		D00D834F2348F532009BE74D /* Debug */ = {
			isa = XCBuildConfiguration;
			buildSettings = {
				ALWAYS_SEARCH_USER_PATHS = NO;
				CLANG_ANALYZER_NONNULL = YES;
				CLANG_ANALYZER_NUMBER_OBJECT_CONVERSION = YES_AGGRESSIVE;
				CLANG_CXX_LANGUAGE_STANDARD = "gnu++14";
				CLANG_CXX_LIBRARY = "libc++";
				CLANG_ENABLE_MODULES = YES;
				CLANG_ENABLE_OBJC_ARC = YES;
				CLANG_ENABLE_OBJC_WEAK = YES;
				CLANG_WARN_BLOCK_CAPTURE_AUTORELEASING = YES;
				CLANG_WARN_BOOL_CONVERSION = YES;
				CLANG_WARN_COMMA = YES;
				CLANG_WARN_CONSTANT_CONVERSION = YES;
				CLANG_WARN_DEPRECATED_OBJC_IMPLEMENTATIONS = YES;
				CLANG_WARN_DIRECT_OBJC_ISA_USAGE = YES_ERROR;
				CLANG_WARN_DOCUMENTATION_COMMENTS = YES;
				CLANG_WARN_EMPTY_BODY = YES;
				CLANG_WARN_ENUM_CONVERSION = YES;
				CLANG_WARN_INFINITE_RECURSION = YES;
				CLANG_WARN_INT_CONVERSION = YES;
				CLANG_WARN_NON_LITERAL_NULL_CONVERSION = YES;
				CLANG_WARN_OBJC_IMPLICIT_RETAIN_SELF = YES;
				CLANG_WARN_OBJC_LITERAL_CONVERSION = YES;
				CLANG_WARN_OBJC_ROOT_CLASS = YES_ERROR;
				CLANG_WARN_RANGE_LOOP_ANALYSIS = YES;
				CLANG_WARN_STRICT_PROTOTYPES = YES;
				CLANG_WARN_SUSPICIOUS_MOVE = YES;
				CLANG_WARN_UNGUARDED_AVAILABILITY = YES_AGGRESSIVE;
				CLANG_WARN_UNREACHABLE_CODE = YES;
				CLANG_WARN__DUPLICATE_METHOD_MATCH = YES;
				COPY_PHASE_STRIP = NO;
				DEBUG_INFORMATION_FORMAT = dwarf;
				ENABLE_STRICT_OBJC_MSGSEND = YES;
				ENABLE_TESTABILITY = YES;
				GCC_C_LANGUAGE_STANDARD = gnu11;
				GCC_DYNAMIC_NO_PIC = NO;
				GCC_NO_COMMON_BLOCKS = YES;
				GCC_OPTIMIZATION_LEVEL = 0;
				GCC_PREPROCESSOR_DEFINITIONS = (
					"DEBUG=1",
					"$(inherited)",
				);
				GCC_WARN_64_TO_32_BIT_CONVERSION = YES;
				GCC_WARN_ABOUT_RETURN_TYPE = YES_ERROR;
				GCC_WARN_UNDECLARED_SELECTOR = YES;
				GCC_WARN_UNINITIALIZED_AUTOS = YES_AGGRESSIVE;
				GCC_WARN_UNUSED_FUNCTION = YES;
				GCC_WARN_UNUSED_VARIABLE = YES;
				IPHONEOS_DEPLOYMENT_TARGET = 13.0;
				MTL_ENABLE_DEBUG_INFO = INCLUDE_SOURCE;
				MTL_FAST_MATH = YES;
				ONLY_ACTIVE_ARCH = YES;
				SDKROOT = iphoneos;
				SWIFT_ACTIVE_COMPILATION_CONDITIONS = DEBUG;
				SWIFT_OPTIMIZATION_LEVEL = "-Onone";
			};
			name = Debug;
		};
		D00D83502348F532009BE74D /* Release */ = {
			isa = XCBuildConfiguration;
			buildSettings = {
				ALWAYS_SEARCH_USER_PATHS = NO;
				CLANG_ANALYZER_NONNULL = YES;
				CLANG_ANALYZER_NUMBER_OBJECT_CONVERSION = YES_AGGRESSIVE;
				CLANG_CXX_LANGUAGE_STANDARD = "gnu++14";
				CLANG_CXX_LIBRARY = "libc++";
				CLANG_ENABLE_MODULES = YES;
				CLANG_ENABLE_OBJC_ARC = YES;
				CLANG_ENABLE_OBJC_WEAK = YES;
				CLANG_WARN_BLOCK_CAPTURE_AUTORELEASING = YES;
				CLANG_WARN_BOOL_CONVERSION = YES;
				CLANG_WARN_COMMA = YES;
				CLANG_WARN_CONSTANT_CONVERSION = YES;
				CLANG_WARN_DEPRECATED_OBJC_IMPLEMENTATIONS = YES;
				CLANG_WARN_DIRECT_OBJC_ISA_USAGE = YES_ERROR;
				CLANG_WARN_DOCUMENTATION_COMMENTS = YES;
				CLANG_WARN_EMPTY_BODY = YES;
				CLANG_WARN_ENUM_CONVERSION = YES;
				CLANG_WARN_INFINITE_RECURSION = YES;
				CLANG_WARN_INT_CONVERSION = YES;
				CLANG_WARN_NON_LITERAL_NULL_CONVERSION = YES;
				CLANG_WARN_OBJC_IMPLICIT_RETAIN_SELF = YES;
				CLANG_WARN_OBJC_LITERAL_CONVERSION = YES;
				CLANG_WARN_OBJC_ROOT_CLASS = YES_ERROR;
				CLANG_WARN_RANGE_LOOP_ANALYSIS = YES;
				CLANG_WARN_STRICT_PROTOTYPES = YES;
				CLANG_WARN_SUSPICIOUS_MOVE = YES;
				CLANG_WARN_UNGUARDED_AVAILABILITY = YES_AGGRESSIVE;
				CLANG_WARN_UNREACHABLE_CODE = YES;
				CLANG_WARN__DUPLICATE_METHOD_MATCH = YES;
				COPY_PHASE_STRIP = NO;
				DEBUG_INFORMATION_FORMAT = "dwarf-with-dsym";
				ENABLE_NS_ASSERTIONS = NO;
				ENABLE_STRICT_OBJC_MSGSEND = YES;
				GCC_C_LANGUAGE_STANDARD = gnu11;
				GCC_NO_COMMON_BLOCKS = YES;
				GCC_WARN_64_TO_32_BIT_CONVERSION = YES;
				GCC_WARN_ABOUT_RETURN_TYPE = YES_ERROR;
				GCC_WARN_UNDECLARED_SELECTOR = YES;
				GCC_WARN_UNINITIALIZED_AUTOS = YES_AGGRESSIVE;
				GCC_WARN_UNUSED_FUNCTION = YES;
				GCC_WARN_UNUSED_VARIABLE = YES;
				IPHONEOS_DEPLOYMENT_TARGET = 13.0;
				MTL_ENABLE_DEBUG_INFO = NO;
				MTL_FAST_MATH = YES;
				SDKROOT = iphoneos;
				SWIFT_COMPILATION_MODE = wholemodule;
				SWIFT_OPTIMIZATION_LEVEL = "-O";
				VALIDATE_PRODUCT = YES;
			};
			name = Release;
		};
		D00D83522348F532009BE74D /* Debug */ = {
			isa = XCBuildConfiguration;
			buildSettings = {
				ASSETCATALOG_COMPILER_APPICON_NAME = AppIcon;
				CODE_SIGN_STYLE = Automatic;
				DEVELOPMENT_TEAM = KWZ663CS6G;
				INFOPLIST_FILE = Apomden/Info.plist;
				LD_RUNPATH_SEARCH_PATHS = (
					"$(inherited)",
					"@executable_path/Frameworks",
				);
				PRODUCT_BUNDLE_IDENTIFIER = Apomden.Apomden;
				PRODUCT_NAME = "$(TARGET_NAME)";
				SWIFT_VERSION = 5.0;
				TARGETED_DEVICE_FAMILY = "1,2";
			};
			name = Debug;
		};
		D00D83532348F532009BE74D /* Release */ = {
			isa = XCBuildConfiguration;
			buildSettings = {
				ASSETCATALOG_COMPILER_APPICON_NAME = AppIcon;
				CODE_SIGN_STYLE = Automatic;
				DEVELOPMENT_TEAM = KWZ663CS6G;
				INFOPLIST_FILE = Apomden/Info.plist;
				LD_RUNPATH_SEARCH_PATHS = (
					"$(inherited)",
					"@executable_path/Frameworks",
				);
				PRODUCT_BUNDLE_IDENTIFIER = Apomden.Apomden;
				PRODUCT_NAME = "$(TARGET_NAME)";
				SWIFT_VERSION = 5.0;
				TARGETED_DEVICE_FAMILY = "1,2";
			};
			name = Release;
		};
		D00D83552348F532009BE74D /* Debug */ = {
			isa = XCBuildConfiguration;
			buildSettings = {
				ALWAYS_EMBED_SWIFT_STANDARD_LIBRARIES = YES;
				BUNDLE_LOADER = "$(TEST_HOST)";
				CODE_SIGN_STYLE = Automatic;
				INFOPLIST_FILE = ApomdenTests/Info.plist;
				IPHONEOS_DEPLOYMENT_TARGET = 13.0;
				LD_RUNPATH_SEARCH_PATHS = (
					"$(inherited)",
					"@executable_path/Frameworks",
					"@loader_path/Frameworks",
				);
				PRODUCT_BUNDLE_IDENTIFIER = Apomden.ApomdenTests;
				PRODUCT_NAME = "$(TARGET_NAME)";
				SWIFT_VERSION = 5.0;
				TARGETED_DEVICE_FAMILY = "1,2";
				TEST_HOST = "$(BUILT_PRODUCTS_DIR)/Apomden.app/Apomden";
			};
			name = Debug;
		};
		D00D83562348F532009BE74D /* Release */ = {
			isa = XCBuildConfiguration;
			buildSettings = {
				ALWAYS_EMBED_SWIFT_STANDARD_LIBRARIES = YES;
				BUNDLE_LOADER = "$(TEST_HOST)";
				CODE_SIGN_STYLE = Automatic;
				INFOPLIST_FILE = ApomdenTests/Info.plist;
				IPHONEOS_DEPLOYMENT_TARGET = 13.0;
				LD_RUNPATH_SEARCH_PATHS = (
					"$(inherited)",
					"@executable_path/Frameworks",
					"@loader_path/Frameworks",
				);
				PRODUCT_BUNDLE_IDENTIFIER = Apomden.ApomdenTests;
				PRODUCT_NAME = "$(TARGET_NAME)";
				SWIFT_VERSION = 5.0;
				TARGETED_DEVICE_FAMILY = "1,2";
				TEST_HOST = "$(BUILT_PRODUCTS_DIR)/Apomden.app/Apomden";
			};
			name = Release;
		};
		D00D83582348F532009BE74D /* Debug */ = {
			isa = XCBuildConfiguration;
			buildSettings = {
				ALWAYS_EMBED_SWIFT_STANDARD_LIBRARIES = YES;
				CODE_SIGN_STYLE = Automatic;
				INFOPLIST_FILE = ApomdenUITests/Info.plist;
				LD_RUNPATH_SEARCH_PATHS = (
					"$(inherited)",
					"@executable_path/Frameworks",
					"@loader_path/Frameworks",
				);
				PRODUCT_BUNDLE_IDENTIFIER = Apomden.ApomdenUITests;
				PRODUCT_NAME = "$(TARGET_NAME)";
				SWIFT_VERSION = 5.0;
				TARGETED_DEVICE_FAMILY = "1,2";
				TEST_TARGET_NAME = Apomden;
			};
			name = Debug;
		};
		D00D83592348F532009BE74D /* Release */ = {
			isa = XCBuildConfiguration;
			buildSettings = {
				ALWAYS_EMBED_SWIFT_STANDARD_LIBRARIES = YES;
				CODE_SIGN_STYLE = Automatic;
				INFOPLIST_FILE = ApomdenUITests/Info.plist;
				LD_RUNPATH_SEARCH_PATHS = (
					"$(inherited)",
					"@executable_path/Frameworks",
					"@loader_path/Frameworks",
				);
				PRODUCT_BUNDLE_IDENTIFIER = Apomden.ApomdenUITests;
				PRODUCT_NAME = "$(TARGET_NAME)";
				SWIFT_VERSION = 5.0;
				TARGETED_DEVICE_FAMILY = "1,2";
				TEST_TARGET_NAME = Apomden;
			};
			name = Release;
		};
/* End XCBuildConfiguration section */

/* Begin XCConfigurationList section */
		D00D831F2348F530009BE74D /* Build configuration list for PBXProject "Apomden" */ = {
			isa = XCConfigurationList;
			buildConfigurations = (
				D00D834F2348F532009BE74D /* Debug */,
				D00D83502348F532009BE74D /* Release */,
			);
			defaultConfigurationIsVisible = 0;
			defaultConfigurationName = Release;
		};
		D00D83512348F532009BE74D /* Build configuration list for PBXNativeTarget "Apomden" */ = {
			isa = XCConfigurationList;
			buildConfigurations = (
				D00D83522348F532009BE74D /* Debug */,
				D00D83532348F532009BE74D /* Release */,
			);
			defaultConfigurationIsVisible = 0;
			defaultConfigurationName = Release;
		};
		D00D83542348F532009BE74D /* Build configuration list for PBXNativeTarget "ApomdenTests" */ = {
			isa = XCConfigurationList;
			buildConfigurations = (
				D00D83552348F532009BE74D /* Debug */,
				D00D83562348F532009BE74D /* Release */,
			);
			defaultConfigurationIsVisible = 0;
			defaultConfigurationName = Release;
		};
		D00D83572348F532009BE74D /* Build configuration list for PBXNativeTarget "ApomdenUITests" */ = {
			isa = XCConfigurationList;
			buildConfigurations = (
				D00D83582348F532009BE74D /* Debug */,
				D00D83592348F532009BE74D /* Release */,
			);
			defaultConfigurationIsVisible = 0;
			defaultConfigurationName = Release;
		};
/* End XCConfigurationList section */

/* Begin XCVersionGroup section */
		D00D83302348F530009BE74D /* Apomden.xcdatamodeld */ = {
			isa = XCVersionGroup;
			children = (
				D00D83312348F530009BE74D /* Apomden.xcdatamodel */,
			);
			currentVersion = D00D83312348F530009BE74D /* Apomden.xcdatamodel */;
			path = Apomden.xcdatamodeld;
			sourceTree = "<group>";
			versionGroupType = wrapper.xcdatamodel;
		};
/* End XCVersionGroup section */
	};
	rootObject = D00D831C2348F530009BE74D /* Project object */;
}
